<Solution>
  <Folder Name="/Solution Items/">
    <File Path=".editorconfig" />
    <File Path="AGENTS.md" />
    <File Path="Directory.Build.props" />
    <File Path="README.md" />
  </Folder>
  <Project Path="src/MarketAssistant.Core/MarketAssistant.Core.csproj" />
  <Project Path="src/MarketAssistant.Agents/MarketAssistant.Agents.csproj" />
  <Project Path="src/MarketAssistant.Trading/MarketAssistant.Trading.csproj" />
  <Project Path="src/MarketAssistant.DataProviders/MarketAssistant.DataProviders.csproj" />
  <Project Path="src/MarketAssistant.App.Services/MarketAssistant.App.Services.csproj" />
  <Project Path="src/MarketAssistant.App/MarketAssistant.App.csproj" />
  <Project Path="tests/TestMarketAssistant.csproj" />
</Solution>
